
Microsoft Visual Studio Solution File, Format Version 12.00
# Visual Studio 15
VisualStudioVersion = 15.0.27703.2042
MinimumVisualStudioVersion = 10.0.40219.1
Project("{9A19103F-16F7-4668-BE54-9A1E7A4F7556}") = "ChainLinq", "ChainLinq\ChainLinq.csproj", "{2441F30D-D93E-47F0-8DED-4D06B0D0A535}"
EndProject
Project("{FAE04EC0-301F-11D3-BF4B-00C04F79EFBC}") = "ChainLinqTests", "ChainLinqTests\ChainLinqTests.csproj", "{9099FA2B-6557-4F4F-82C6-B44620EF80E4}"
EndProject
Global
	GlobalSection(SolutionConfigurationPlatforms) = preSolution
		Debug|Any CPU = Debug|Any CPU
		Release|Any CPU = Release|Any CPU
	EndGlobalSection
	GlobalSection(ProjectConfigurationPlatforms) = postSolution
		{2441F30D-D93E-47F0-8DED-4D06B0D0A535}.Debug|Any CPU.ActiveCfg = Debug|Any CPU
		{2441F30D-D93E-47F0-8DED-4D06B0D0A535}.Debug|Any CPU.Build.0 = Debug|Any CPU
		{2441F30D-D93E-47F0-8DED-4D06B0D0A535}.Release|Any CPU.ActiveCfg = Release|Any CPU
		{2441F30D-D93E-47F0-8DED-4D06B0D0A535}.Release|Any CPU.Build.0 = Release|Any CPU
		{9099FA2B-6557-4F4F-82C6-B44620EF80E4}.Debug|Any CPU.ActiveCfg = Debug|Any CPU
		{9099FA2B-6557-4F4F-82C6-B44620EF80E4}.Debug|Any CPU.Build.0 = Debug|Any CPU
		{9099FA2B-6557-4F4F-82C6-B44620EF80E4}.Release|Any CPU.ActiveCfg = Release|Any CPU
		{9099FA2B-6557-4F4F-82C6-B44620EF80E4}.Release|Any CPU.Build.0 = Release|Any CPU
	EndGlobalSection
	GlobalSection(SolutionProperties) = preSolution
		HideSolutionNode = FALSE
	EndGlobalSection
	GlobalSection(ExtensibilityGlobals) = postSolution
		SolutionGuid = {27CF1408-AF80-453B-98C3-C3D58DBBECDA}
	EndGlobalSection
EndGlobal
